
Microsoft Visual Studio Solution File, Format Version 12.00
# Visual Studio Version 17
VisualStudioVersion = 17.5.33502.453
MinimumVisualStudioVersion = 10.0.40219.1
Project("{FAE04EC0-301F-11D3-BF4B-00C04F79EFBC}") = "polyclinic", "polyclinic\polyclinic.csproj", "{405E6D61-2511-4959-8F21-3A35D9EC1F17}"
EndProject
Global
	GlobalSection(SolutionConfigurationPlatforms) = preSolution
		Debug|Any CPU = Debug|Any CPU
		Release|Any CPU = Release|Any CPU
	EndGlobalSection
	GlobalSection(ProjectConfigurationPlatforms) = postSolution
		{405E6D61-2511-4959-8F21-3A35D9EC1F17}.Debug|Any CPU.ActiveCfg = Debug|Any CPU
		{405E6D61-2511-4959-8F21-3A35D9EC1F17}.Debug|Any CPU.Build.0 = Debug|Any CPU
		{405E6D61-2511-4959-8F21-3A35D9EC1F17}.Release|Any CPU.ActiveCfg = Release|Any CPU
		{405E6D61-2511-4959-8F21-3A35D9EC1F17}.Release|Any CPU.Build.0 = Release|Any CPU
	EndGlobalSection
	GlobalSection(SolutionProperties) = preSolution
		HideSolutionNode = FALSE
	EndGlobalSection
	GlobalSection(ExtensibilityGlobals) = postSolution
		SolutionGuid = {E87A3C2B-E6E6-4C9D-9BEA-040710349545}
	EndGlobalSection
EndGlobal
